
Microsoft Visual Studio Solution File, Format Version 12.00
# Visual Studio 15
VisualStudioVersion = 15.0.27004.2005
MinimumVisualStudioVersion = 10.0.40219.1
Project("{2150E333-8FDC-42A3-9474-1A3956D46DE8}") = "1. Foundation", "1. Foundation", "{D774ED50-52D0-46C4-BE70-D5237B9FACBD}"
EndProject
Project("{2150E333-8FDC-42A3-9474-1A3956D46DE8}") = "2. Feature", "2. Feature", "{DB646ADD-48A2-4D42-826C-EE6FD70869E7}"
EndProject
Project("{2150E333-8FDC-42A3-9474-1A3956D46DE8}") = "3. Project", "3. Project", "{D29BBDE6-3B45-4F15-827C-13FE8CE1D125}"
EndProject
Project("{2150E333-8FDC-42A3-9474-1A3956D46DE8}") = "Foundation.ServiceProxy", "Foundation.ServiceProxy", "{DEE3ACB9-F28D-42C1-A2C6-4F3A68DC9C9D}"
EndProject
Project("{9A19103F-16F7-4668-BE54-9A1E7A4F7556}") = "Sitecore.Commerce.ServiceProxy", "1. Foundation\Foundation.ServiceProxy\Sitecore.Commerce.ServiceProxy\Sitecore.Commerce.ServiceProxy.csproj", "{2A39DC77-8A50-40A6-89FC-6C0A1B6F1680}"
EndProject
Project("{2150E333-8FDC-42A3-9474-1A3956D46DE8}") = ".Solution Items", ".Solution Items", "{339C2E14-E88D-43E3-A5F8-87A6A2919EEF}"
	ProjectSection(SolutionItems) = preProject
		gulp-config.js = gulp-config.js
		gulpfile.js = gulpfile.js
		package.json = package.json
	EndProjectSection
EndProject
Project("{2150E333-8FDC-42A3-9474-1A3956D46DE8}") = "Feature.Loyalty", "Feature.Loyalty", "{D8D1E59F-A8C5-4130-A2CD-869A93DEC58E}"
EndProject
Project("{2150E333-8FDC-42A3-9474-1A3956D46DE8}") = "Website", "Website", "{FDB4537F-52E2-4B33-B5A1-3C547182301D}"
EndProject
Project("{FAE04EC0-301F-11D3-BF4B-00C04F79EFBC}") = "Feature.Konabos.Loyalty.Website", "2. Feature\Feature.Loyalty\Website\Feature.Konabos.Loyalty.Website\Feature.Konabos.Loyalty.Website.csproj", "{0E7AC976-9261-4470-9E35-4E1E39319186}"
EndProject
Global
	GlobalSection(SolutionConfigurationPlatforms) = preSolution
		Debug|Any CPU = Debug|Any CPU
		Release|Any CPU = Release|Any CPU
	EndGlobalSection
	GlobalSection(ProjectConfigurationPlatforms) = postSolution
		{2A39DC77-8A50-40A6-89FC-6C0A1B6F1680}.Debug|Any CPU.ActiveCfg = Debug|Any CPU
		{2A39DC77-8A50-40A6-89FC-6C0A1B6F1680}.Debug|Any CPU.Build.0 = Debug|Any CPU
		{2A39DC77-8A50-40A6-89FC-6C0A1B6F1680}.Release|Any CPU.ActiveCfg = Release|Any CPU
		{2A39DC77-8A50-40A6-89FC-6C0A1B6F1680}.Release|Any CPU.Build.0 = Release|Any CPU
		{0E7AC976-9261-4470-9E35-4E1E39319186}.Debug|Any CPU.ActiveCfg = Debug|Any CPU
		{0E7AC976-9261-4470-9E35-4E1E39319186}.Debug|Any CPU.Build.0 = Debug|Any CPU
		{0E7AC976-9261-4470-9E35-4E1E39319186}.Release|Any CPU.ActiveCfg = Release|Any CPU
		{0E7AC976-9261-4470-9E35-4E1E39319186}.Release|Any CPU.Build.0 = Release|Any CPU
	EndGlobalSection
	GlobalSection(SolutionProperties) = preSolution
		HideSolutionNode = FALSE
	EndGlobalSection
	GlobalSection(NestedProjects) = preSolution
		{DEE3ACB9-F28D-42C1-A2C6-4F3A68DC9C9D} = {D774ED50-52D0-46C4-BE70-D5237B9FACBD}
		{2A39DC77-8A50-40A6-89FC-6C0A1B6F1680} = {DEE3ACB9-F28D-42C1-A2C6-4F3A68DC9C9D}
		{D8D1E59F-A8C5-4130-A2CD-869A93DEC58E} = {DB646ADD-48A2-4D42-826C-EE6FD70869E7}
		{FDB4537F-52E2-4B33-B5A1-3C547182301D} = {D8D1E59F-A8C5-4130-A2CD-869A93DEC58E}
		{0E7AC976-9261-4470-9E35-4E1E39319186} = {FDB4537F-52E2-4B33-B5A1-3C547182301D}
	EndGlobalSection
	GlobalSection(ExtensibilityGlobals) = postSolution
		SolutionGuid = {B456F864-758A-45A0-8C23-9436FB359A66}
	EndGlobalSection
EndGlobal
